// !$*UTF8*$!
{
	archiveVersion = 1;
	classes = {
	};
	objectVersion = 46;
	objects = {

/* Begin PBXBuildFile section */
		0F54C18D662B5D0AB2B22C68 /* Pods_Ballout.framework in Frameworks */ = {isa = PBXBuildFile; fileRef = 7C20D4D26013FF07010B859E /* Pods_Ballout.framework */; };
		190A082E1F1FD30B0036CD7C /* BlockBoom.sks in Resources */ = {isa = PBXBuildFile; fileRef = 190A082C1F1FD30B0036CD7C /* BlockBoom.sks */; };
		190A082F1F1FD30B0036CD7C /* Assets.xcassets in Resources */ = {isa = PBXBuildFile; fileRef = 190A082D1F1FD30B0036CD7C /* Assets.xcassets */; };
		190A08331F1FDD020036CD7C /* BallHome.sks in Resources */ = {isa = PBXBuildFile; fileRef = 190A08321F1FDD020036CD7C /* BallHome.sks */; };
		190A08351F1FDDE90036CD7C /* SKEmitterNode_fireAndForget.swift in Sources */ = {isa = PBXBuildFile; fileRef = 190A08341F1FDDE90036CD7C /* SKEmitterNode_fireAndForget.swift */; };
		190A08371F1FF8440036CD7C /* ExtraPickedUp.sks in Resources */ = {isa = PBXBuildFile; fileRef = 190A08361F1FF8440036CD7C /* ExtraPickedUp.sks */; };
		1910FB1E1F38DF190089A4D9 /* EventDispatch.swift in Sources */ = {isa = PBXBuildFile; fileRef = 1910FB1D1F38DF190089A4D9 /* EventDispatch.swift */; };
		191B15631F2FC9A600243846 /* HapticFeedback.swift in Sources */ = {isa = PBXBuildFile; fileRef = 191B15621F2FC9A600243846 /* HapticFeedback.swift */; };
		193F0A981EF5741700A03F94 /* AppDelegate.swift in Sources */ = {isa = PBXBuildFile; fileRef = 193F0A971EF5741700A03F94 /* AppDelegate.swift */; };
		193F0A9C1EF5741700A03F94 /* Actions.sks in Resources */ = {isa = PBXBuildFile; fileRef = 193F0A9B1EF5741700A03F94 /* Actions.sks */; };
		193F0AA01EF5741700A03F94 /* GameViewController.swift in Sources */ = {isa = PBXBuildFile; fileRef = 193F0A9F1EF5741700A03F94 /* GameViewController.swift */; };
		193F0AA31EF5741700A03F94 /* Main.storyboard in Resources */ = {isa = PBXBuildFile; fileRef = 193F0AA11EF5741700A03F94 /* Main.storyboard */; };
		193F0AA81EF5741700A03F94 /* LaunchScreen.storyboard in Resources */ = {isa = PBXBuildFile; fileRef = 193F0AA61EF5741700A03F94 /* LaunchScreen.storyboard */; };
		193F0AB31EF5741700A03F94 /* BalloutTests.swift in Sources */ = {isa = PBXBuildFile; fileRef = 193F0AB21EF5741700A03F94 /* BalloutTests.swift */; };
		193F0ABE1EF5741700A03F94 /* BalloutUITests.swift in Sources */ = {isa = PBXBuildFile; fileRef = 193F0ABD1EF5741700A03F94 /* BalloutUITests.swift */; };
		193F0ACE1EF57AFC00A03F94 /* BalloutScene.sks in Resources */ = {isa = PBXBuildFile; fileRef = 193F0ACD1EF57AFC00A03F94 /* BalloutScene.sks */; };
		193F0AD01EF57BA900A03F94 /* BalloutScene.swift in Sources */ = {isa = PBXBuildFile; fileRef = 193F0ACF1EF57BA900A03F94 /* BalloutScene.swift */; };
		193F0AD41EF57F8800A03F94 /* GameState.swift in Sources */ = {isa = PBXBuildFile; fileRef = 193F0AD31EF57F8800A03F94 /* GameState.swift */; };
		193F0AD71EF5826400A03F94 /* ShootoutState.swift in Sources */ = {isa = PBXBuildFile; fileRef = 193F0AD61EF5826400A03F94 /* ShootoutState.swift */; };
		193F0AD91EF5952100A03F94 /* Ball.swift in Sources */ = {isa = PBXBuildFile; fileRef = 193F0AD81EF5952100A03F94 /* Ball.swift */; };
		193F0ADC1EF59D5000A03F94 /* AimTrajectory.swift in Sources */ = {isa = PBXBuildFile; fileRef = 193F0ADB1EF59D5000A03F94 /* AimTrajectory.swift */; };
		193F0ADE1EF5A99F00A03F94 /* DestroyState.swift in Sources */ = {isa = PBXBuildFile; fileRef = 193F0ADD1EF5A99F00A03F94 /* DestroyState.swift */; };
		193F0AE01EF5CF9500A03F94 /* Block.swift in Sources */ = {isa = PBXBuildFile; fileRef = 193F0ADF1EF5CF9500A03F94 /* Block.swift */; };
		193F0AE21EF5D1B400A03F94 /* GridController.swift in Sources */ = {isa = PBXBuildFile; fileRef = 193F0AE11EF5D1B400A03F94 /* GridController.swift */; };
		193F0AE41EF5EF9500A03F94 /* PhysicsFlags.swift in Sources */ = {isa = PBXBuildFile; fileRef = 193F0AE31EF5EF9500A03F94 /* PhysicsFlags.swift */; };
		194796E61F0F800C0042F3E7 /* UIColor_rgb.swift in Sources */ = {isa = PBXBuildFile; fileRef = 194796E51F0F800C0042F3E7 /* UIColor_rgb.swift */; };
		194796E81F0F815A0042F3E7 /* TouchHandler.swift in Sources */ = {isa = PBXBuildFile; fileRef = 194796E71F0F815A0042F3E7 /* TouchHandler.swift */; };
		194796EA1F0FC1D40042F3E7 /* GameOverViewNode.swift in Sources */ = {isa = PBXBuildFile; fileRef = 194796E91F0FC1D40042F3E7 /* GameOverViewNode.swift */; };
		1973BF1E1F0187A600BE0406 /* WarningLevel.swift in Sources */ = {isa = PBXBuildFile; fileRef = 1973BF1D1F0187A600BE0406 /* WarningLevel.swift */; };
		197603E01F1E4806000D4ED3 /* BestScoreController.swift in Sources */ = {isa = PBXBuildFile; fileRef = 197603DF1F1E4806000D4ED3 /* BestScoreController.swift */; };
		197603E21F1E5BDF000D4ED3 /* AdState.swift in Sources */ = {isa = PBXBuildFile; fileRef = 197603E11F1E5BDF000D4ED3 /* AdState.swift */; };
		19775F501F111C710091FE44 /* SFXController.swift in Sources */ = {isa = PBXBuildFile; fileRef = 19775F4F1F111C710091FE44 /* SFXController.swift */; };
		19775F521F1125220091FE44 /* pop1.wav in Resources */ = {isa = PBXBuildFile; fileRef = 19775F511F1125220091FE44 /* pop1.wav */; };
		19775F551F113C840091FE44 /* Serializable.swift in Sources */ = {isa = PBXBuildFile; fileRef = 19775F541F113C840091FE44 /* Serializable.swift */; };
		19775F571F1142A10091FE44 /* SpawnType.swift in Sources */ = {isa = PBXBuildFile; fileRef = 19775F561F1142A10091FE44 /* SpawnType.swift */; };
		197F48DC1EF686F800A469F4 /* ExtraBall.swift in Sources */ = {isa = PBXBuildFile; fileRef = 197F48DB1EF686F800A469F4 /* ExtraBall.swift */; };
		197F48E01EF6878A00A469F4 /* Spawnable.swift in Sources */ = {isa = PBXBuildFile; fileRef = 197F48DF1EF6878A00A469F4 /* Spawnable.swift */; };
		197F48E21EF68B0800A469F4 /* GameScore.swift in Sources */ = {isa = PBXBuildFile; fileRef = 197F48E11EF68B0800A469F4 /* GameScore.swift */; };
		197F48E41EF69A6B00A469F4 /* GameOverState.swift in Sources */ = {isa = PBXBuildFile; fileRef = 197F48E31EF69A6B00A469F4 /* GameOverState.swift */; };
		197F48E61EF6B75B00A469F4 /* SpawnState.swift in Sources */ = {isa = PBXBuildFile; fileRef = 197F48E51EF6B75B00A469F4 /* SpawnState.swift */; };
		197F48E81EF6CC5B00A469F4 /* Updatable.swift in Sources */ = {isa = PBXBuildFile; fileRef = 197F48E71EF6CC5B00A469F4 /* Updatable.swift */; };
		19945CAC1F10ECDF00F82C80 /* GameKit.framework in Frameworks */ = {isa = PBXBuildFile; fileRef = 19945CAB1F10ECDF00F82C80 /* GameKit.framework */; };
		1998C9F71F49BC40009F7630 /* default.png in Resources */ = {isa = PBXBuildFile; fileRef = 1998C9F61F49BC40009F7630 /* default.png */; };
		19BA1C8B1F01A14F00EA4976 /* Button.swift in Sources */ = {isa = PBXBuildFile; fileRef = 19BA1C8A1F01A14F00EA4976 /* Button.swift */; };
		19BA1C8E1F01A19300EA4976 /* SpeedButton.swift in Sources */ = {isa = PBXBuildFile; fileRef = 19BA1C8D1F01A19300EA4976 /* SpeedButton.swift */; };
		19F4E1151F37AC7D003F1665 /* OMBLabel.swift in Sources */ = {isa = PBXBuildFile; fileRef = 19F4E1141F37AC7D003F1665 /* OMBLabel.swift */; };
		19F6B8CA1F10F87100551810 /* GameCenterController.swift in Sources */ = {isa = PBXBuildFile; fileRef = 19F6B8C91F10F87100551810 /* GameCenterController.swift */; };
		19F6B8D11F1117A500551810 /* pop2.wav in Resources */ = {isa = PBXBuildFile; fileRef = 19F6B8D01F1117A500551810 /* pop2.wav */; };
		19F6B8D31F1117A900551810 /* pop3.mp3 in Resources */ = {isa = PBXBuildFile; fileRef = 19F6B8D21F1117A900551810 /* pop3.mp3 */; };
		5D45F75A106057D23BCB92C7 /* Pods_BalloutUITests.framework in Frameworks */ = {isa = PBXBuildFile; fileRef = A75DBE3C2C422EE1BE2E3178 /* Pods_BalloutUITests.framework */; };
		D8041F68E4906EEAA664A781 /* Pods_BalloutTests.framework in Frameworks */ = {isa = PBXBuildFile; fileRef = 5C59B70653DBAA5D8FE83C7D /* Pods_BalloutTests.framework */; };
/* End PBXBuildFile section */

/* Begin PBXContainerItemProxy section */
		193F0AAF1EF5741700A03F94 /* PBXContainerItemProxy */ = {
			isa = PBXContainerItemProxy;
			containerPortal = 193F0A8C1EF5741700A03F94 /* Project object */;
			proxyType = 1;
			remoteGlobalIDString = 193F0A931EF5741700A03F94;
			remoteInfo = Ballout;
		};
		193F0ABA1EF5741700A03F94 /* PBXContainerItemProxy */ = {
			isa = PBXContainerItemProxy;
			containerPortal = 193F0A8C1EF5741700A03F94 /* Project object */;
			proxyType = 1;
			remoteGlobalIDString = 193F0A931EF5741700A03F94;
			remoteInfo = Ballout;
		};
/* End PBXContainerItemProxy section */

/* Begin PBXCopyFilesBuildPhase section */
		191A1EEF1F1E72BF00DD0FC8 /* Embed Frameworks */ = {
			isa = PBXCopyFilesBuildPhase;
			buildActionMask = 2147483647;
			dstPath = "";
			dstSubfolderSpec = 10;
			files = (
			);
			name = "Embed Frameworks";
			runOnlyForDeploymentPostprocessing = 0;
		};
/* End PBXCopyFilesBuildPhase section */

/* Begin PBXFileReference section */
		190A082C1F1FD30B0036CD7C /* BlockBoom.sks */ = {isa = PBXFileReference; lastKnownFileType = file.sks; path = BlockBoom.sks; sourceTree = "<group>"; };
		190A082D1F1FD30B0036CD7C /* Assets.xcassets */ = {isa = PBXFileReference; lastKnownFileType = folder.assetcatalog; name = Assets.xcassets; path = Assets/Assets.xcassets; sourceTree = "<group>"; };
		190A08321F1FDD020036CD7C /* BallHome.sks */ = {isa = PBXFileReference; lastKnownFileType = file.sks; path = BallHome.sks; sourceTree = "<group>"; };
		190A08341F1FDDE90036CD7C /* SKEmitterNode_fireAndForget.swift */ = {isa = PBXFileReference; lastKnownFileType = sourcecode.swift; path = SKEmitterNode_fireAndForget.swift; sourceTree = "<group>"; };
		190A08361F1FF8440036CD7C /* ExtraPickedUp.sks */ = {isa = PBXFileReference; lastKnownFileType = file.sks; path = ExtraPickedUp.sks; sourceTree = "<group>"; };
		1910FB1D1F38DF190089A4D9 /* EventDispatch.swift */ = {isa = PBXFileReference; fileEncoding = 4; lastKnownFileType = sourcecode.swift; path = EventDispatch.swift; sourceTree = "<group>"; };
		191B15621F2FC9A600243846 /* HapticFeedback.swift */ = {isa = PBXFileReference; fileEncoding = 4; lastKnownFileType = sourcecode.swift; path = HapticFeedback.swift; sourceTree = "<group>"; };
		193F0A941EF5741700A03F94 /* Ballout.app */ = {isa = PBXFileReference; explicitFileType = wrapper.application; includeInIndex = 0; path = Ballout.app; sourceTree = BUILT_PRODUCTS_DIR; };
		193F0A971EF5741700A03F94 /* AppDelegate.swift */ = {isa = PBXFileReference; lastKnownFileType = sourcecode.swift; path = AppDelegate.swift; sourceTree = "<group>"; };
		193F0A9B1EF5741700A03F94 /* Actions.sks */ = {isa = PBXFileReference; lastKnownFileType = file.sks; path = Actions.sks; sourceTree = "<group>"; };
		193F0A9F1EF5741700A03F94 /* GameViewController.swift */ = {isa = PBXFileReference; lastKnownFileType = sourcecode.swift; path = GameViewController.swift; sourceTree = "<group>"; };
		193F0AA21EF5741700A03F94 /* Base */ = {isa = PBXFileReference; lastKnownFileType = file.storyboard; name = Base; path = Base.lproj/Main.storyboard; sourceTree = "<group>"; };
		193F0AA71EF5741700A03F94 /* Base */ = {isa = PBXFileReference; lastKnownFileType = file.storyboard; name = Base; path = Base.lproj/LaunchScreen.storyboard; sourceTree = "<group>"; };
		193F0AA91EF5741700A03F94 /* Info.plist */ = {isa = PBXFileReference; lastKnownFileType = text.plist.xml; path = Info.plist; sourceTree = "<group>"; };
		193F0AAE1EF5741700A03F94 /* BalloutTests.xctest */ = {isa = PBXFileReference; explicitFileType = wrapper.cfbundle; includeInIndex = 0; path = BalloutTests.xctest; sourceTree = BUILT_PRODUCTS_DIR; };
		193F0AB21EF5741700A03F94 /* BalloutTests.swift */ = {isa = PBXFileReference; lastKnownFileType = sourcecode.swift; path = BalloutTests.swift; sourceTree = "<group>"; };
		193F0AB41EF5741700A03F94 /* Info.plist */ = {isa = PBXFileReference; lastKnownFileType = text.plist.xml; path = Info.plist; sourceTree = "<group>"; };
		193F0AB91EF5741700A03F94 /* BalloutUITests.xctest */ = {isa = PBXFileReference; explicitFileType = wrapper.cfbundle; includeInIndex = 0; path = BalloutUITests.xctest; sourceTree = BUILT_PRODUCTS_DIR; };
		193F0ABD1EF5741700A03F94 /* BalloutUITests.swift */ = {isa = PBXFileReference; lastKnownFileType = sourcecode.swift; path = BalloutUITests.swift; sourceTree = "<group>"; };
		193F0ABF1EF5741700A03F94 /* Info.plist */ = {isa = PBXFileReference; lastKnownFileType = text.plist.xml; path = Info.plist; sourceTree = "<group>"; };
		193F0ACD1EF57AFC00A03F94 /* BalloutScene.sks */ = {isa = PBXFileReference; lastKnownFileType = file.sks; path = BalloutScene.sks; sourceTree = "<group>"; };
		193F0ACF1EF57BA900A03F94 /* BalloutScene.swift */ = {isa = PBXFileReference; fileEncoding = 4; lastKnownFileType = sourcecode.swift; path = BalloutScene.swift; sourceTree = "<group>"; };
		193F0AD31EF57F8800A03F94 /* GameState.swift */ = {isa = PBXFileReference; fileEncoding = 4; lastKnownFileType = sourcecode.swift; path = GameState.swift; sourceTree = "<group>"; };
		193F0AD61EF5826400A03F94 /* ShootoutState.swift */ = {isa = PBXFileReference; fileEncoding = 4; lastKnownFileType = sourcecode.swift; path = ShootoutState.swift; sourceTree = "<group>"; };
		193F0AD81EF5952100A03F94 /* Ball.swift */ = {isa = PBXFileReference; fileEncoding = 4; lastKnownFileType = sourcecode.swift; lineEnding = 0; path = Ball.swift; sourceTree = "<group>"; xcLanguageSpecificationIdentifier = xcode.lang.swift; };
		193F0ADB1EF59D5000A03F94 /* AimTrajectory.swift */ = {isa = PBXFileReference; fileEncoding = 4; lastKnownFileType = sourcecode.swift; lineEnding = 0; path = AimTrajectory.swift; sourceTree = "<group>"; xcLanguageSpecificationIdentifier = xcode.lang.swift; };
		193F0ADD1EF5A99F00A03F94 /* DestroyState.swift */ = {isa = PBXFileReference; fileEncoding = 4; lastKnownFileType = sourcecode.swift; path = DestroyState.swift; sourceTree = "<group>"; };
		193F0ADF1EF5CF9500A03F94 /* Block.swift */ = {isa = PBXFileReference; fileEncoding = 4; lastKnownFileType = sourcecode.swift; path = Block.swift; sourceTree = "<group>"; };
		193F0AE11EF5D1B400A03F94 /* GridController.swift */ = {isa = PBXFileReference; fileEncoding = 4; lastKnownFileType = sourcecode.swift; path = GridController.swift; sourceTree = "<group>"; };
		193F0AE31EF5EF9500A03F94 /* PhysicsFlags.swift */ = {isa = PBXFileReference; fileEncoding = 4; lastKnownFileType = sourcecode.swift; path = PhysicsFlags.swift; sourceTree = "<group>"; };
		194796E51F0F800C0042F3E7 /* UIColor_rgb.swift */ = {isa = PBXFileReference; lastKnownFileType = sourcecode.swift; path = UIColor_rgb.swift; sourceTree = "<group>"; };
		194796E71F0F815A0042F3E7 /* TouchHandler.swift */ = {isa = PBXFileReference; lastKnownFileType = sourcecode.swift; path = TouchHandler.swift; sourceTree = "<group>"; };
		194796E91F0FC1D40042F3E7 /* GameOverViewNode.swift */ = {isa = PBXFileReference; lastKnownFileType = sourcecode.swift; path = GameOverViewNode.swift; sourceTree = "<group>"; };
		1973BF1D1F0187A600BE0406 /* WarningLevel.swift */ = {isa = PBXFileReference; lastKnownFileType = sourcecode.swift; path = WarningLevel.swift; sourceTree = "<group>"; };
		197603DF1F1E4806000D4ED3 /* BestScoreController.swift */ = {isa = PBXFileReference; lastKnownFileType = sourcecode.swift; path = BestScoreController.swift; sourceTree = "<group>"; };
		197603E11F1E5BDF000D4ED3 /* AdState.swift */ = {isa = PBXFileReference; lastKnownFileType = sourcecode.swift; path = AdState.swift; sourceTree = "<group>"; };
		19775F4F1F111C710091FE44 /* SFXController.swift */ = {isa = PBXFileReference; fileEncoding = 4; lastKnownFileType = sourcecode.swift; path = SFXController.swift; sourceTree = "<group>"; };
		19775F511F1125220091FE44 /* pop1.wav */ = {isa = PBXFileReference; lastKnownFileType = audio.wav; path = pop1.wav; sourceTree = "<group>"; };
		19775F541F113C840091FE44 /* Serializable.swift */ = {isa = PBXFileReference; fileEncoding = 4; lastKnownFileType = sourcecode.swift; path = Serializable.swift; sourceTree = "<group>"; };
		19775F561F1142A10091FE44 /* SpawnType.swift */ = {isa = PBXFileReference; fileEncoding = 4; lastKnownFileType = sourcecode.swift; path = SpawnType.swift; sourceTree = "<group>"; };
		197F48DB1EF686F800A469F4 /* ExtraBall.swift */ = {isa = PBXFileReference; fileEncoding = 4; lastKnownFileType = sourcecode.swift; path = ExtraBall.swift; sourceTree = "<group>"; };
		197F48DF1EF6878A00A469F4 /* Spawnable.swift */ = {isa = PBXFileReference; fileEncoding = 4; lastKnownFileType = sourcecode.swift; path = Spawnable.swift; sourceTree = "<group>"; };
		197F48E11EF68B0800A469F4 /* GameScore.swift */ = {isa = PBXFileReference; fileEncoding = 4; lastKnownFileType = sourcecode.swift; path = GameScore.swift; sourceTree = "<group>"; };
		197F48E31EF69A6B00A469F4 /* GameOverState.swift */ = {isa = PBXFileReference; fileEncoding = 4; lastKnownFileType = sourcecode.swift; path = GameOverState.swift; sourceTree = "<group>"; };
		197F48E51EF6B75B00A469F4 /* SpawnState.swift */ = {isa = PBXFileReference; fileEncoding = 4; lastKnownFileType = sourcecode.swift; path = SpawnState.swift; sourceTree = "<group>"; };
		197F48E71EF6CC5B00A469F4 /* Updatable.swift */ = {isa = PBXFileReference; fileEncoding = 4; lastKnownFileType = sourcecode.swift; path = Updatable.swift; sourceTree = "<group>"; };
		19945CAB1F10ECDF00F82C80 /* GameKit.framework */ = {isa = PBXFileReference; lastKnownFileType = wrapper.framework; name = GameKit.framework; path = System/Library/Frameworks/GameKit.framework; sourceTree = SDKROOT; };
		1998C9F61F49BC40009F7630 /* default.png */ = {isa = PBXFileReference; lastKnownFileType = image.png; path = default.png; sourceTree = "<group>"; };
		19BA1C8A1F01A14F00EA4976 /* Button.swift */ = {isa = PBXFileReference; lastKnownFileType = sourcecode.swift; path = Button.swift; sourceTree = "<group>"; };
		19BA1C8D1F01A19300EA4976 /* SpeedButton.swift */ = {isa = PBXFileReference; lastKnownFileType = sourcecode.swift; path = SpeedButton.swift; sourceTree = "<group>"; };
		19F4E1141F37AC7D003F1665 /* OMBLabel.swift */ = {isa = PBXFileReference; fileEncoding = 4; lastKnownFileType = sourcecode.swift; path = OMBLabel.swift; sourceTree = "<group>"; };
		19F6B8C91F10F87100551810 /* GameCenterController.swift */ = {isa = PBXFileReference; fileEncoding = 4; lastKnownFileType = sourcecode.swift; path = GameCenterController.swift; sourceTree = "<group>"; };
		19F6B8D01F1117A500551810 /* pop2.wav */ = {isa = PBXFileReference; lastKnownFileType = audio.wav; path = pop2.wav; sourceTree = "<group>"; };
		19F6B8D21F1117A900551810 /* pop3.mp3 */ = {isa = PBXFileReference; lastKnownFileType = audio.mp3; path = pop3.mp3; sourceTree = "<group>"; };
		43EFA6B9D8583291CC7471EE /* Pods-BalloutUITests.debug.xcconfig */ = {isa = PBXFileReference; includeInIndex = 1; lastKnownFileType = text.xcconfig; name = "Pods-BalloutUITests.debug.xcconfig"; path = "Pods/Target Support Files/Pods-BalloutUITests/Pods-BalloutUITests.debug.xcconfig"; sourceTree = "<group>"; };
		56E69965D8C81099D4733E78 /* Pods-Ballout.debug.xcconfig */ = {isa = PBXFileReference; includeInIndex = 1; lastKnownFileType = text.xcconfig; name = "Pods-Ballout.debug.xcconfig"; path = "Pods/Target Support Files/Pods-Ballout/Pods-Ballout.debug.xcconfig"; sourceTree = "<group>"; };
		5C59B70653DBAA5D8FE83C7D /* Pods_BalloutTests.framework */ = {isa = PBXFileReference; explicitFileType = wrapper.framework; includeInIndex = 0; path = Pods_BalloutTests.framework; sourceTree = BUILT_PRODUCTS_DIR; };
		7C20D4D26013FF07010B859E /* Pods_Ballout.framework */ = {isa = PBXFileReference; explicitFileType = wrapper.framework; includeInIndex = 0; path = Pods_Ballout.framework; sourceTree = BUILT_PRODUCTS_DIR; };
		812FADA668FA685AE91A2826 /* Pods-BalloutTests.debug.xcconfig */ = {isa = PBXFileReference; includeInIndex = 1; lastKnownFileType = text.xcconfig; name = "Pods-BalloutTests.debug.xcconfig"; path = "Pods/Target Support Files/Pods-BalloutTests/Pods-BalloutTests.debug.xcconfig"; sourceTree = "<group>"; };
		A75DBE3C2C422EE1BE2E3178 /* Pods_BalloutUITests.framework */ = {isa = PBXFileReference; explicitFileType = wrapper.framework; includeInIndex = 0; path = Pods_BalloutUITests.framework; sourceTree = BUILT_PRODUCTS_DIR; };
		A7DCF0B8F983F2208CA849CB /* Pods-BalloutTests.release.xcconfig */ = {isa = PBXFileReference; includeInIndex = 1; lastKnownFileType = text.xcconfig; name = "Pods-BalloutTests.release.xcconfig"; path = "Pods/Target Support Files/Pods-BalloutTests/Pods-BalloutTests.release.xcconfig"; sourceTree = "<group>"; };
		DC50AE70CFA34F25180D2A15 /* Pods-BalloutUITests.release.xcconfig */ = {isa = PBXFileReference; includeInIndex = 1; lastKnownFileType = text.xcconfig; name = "Pods-BalloutUITests.release.xcconfig"; path = "Pods/Target Support Files/Pods-BalloutUITests/Pods-BalloutUITests.release.xcconfig"; sourceTree = "<group>"; };
		ECA218A017D96EDD5B7CD1F0 /* Pods-Ballout.release.xcconfig */ = {isa = PBXFileReference; includeInIndex = 1; lastKnownFileType = text.xcconfig; name = "Pods-Ballout.release.xcconfig"; path = "Pods/Target Support Files/Pods-Ballout/Pods-Ballout.release.xcconfig"; sourceTree = "<group>"; };
/* End PBXFileReference section */

/* Begin PBXFrameworksBuildPhase section */
		193F0A911EF5741700A03F94 /* Frameworks */ = {
			isa = PBXFrameworksBuildPhase;
			buildActionMask = 2147483647;
			files = (
				19945CAC1F10ECDF00F82C80 /* GameKit.framework in Frameworks */,
				0F54C18D662B5D0AB2B22C68 /* Pods_Ballout.framework in Frameworks */,
			);
			runOnlyForDeploymentPostprocessing = 0;
		};
		193F0AAB1EF5741700A03F94 /* Frameworks */ = {
			isa = PBXFrameworksBuildPhase;
			buildActionMask = 2147483647;
			files = (
				D8041F68E4906EEAA664A781 /* Pods_BalloutTests.framework in Frameworks */,
			);
			runOnlyForDeploymentPostprocessing = 0;
		};
		193F0AB61EF5741700A03F94 /* Frameworks */ = {
			isa = PBXFrameworksBuildPhase;
			buildActionMask = 2147483647;
			files = (
				5D45F75A106057D23BCB92C7 /* Pods_BalloutUITests.framework in Frameworks */,
			);
			runOnlyForDeploymentPostprocessing = 0;
		};
/* End PBXFrameworksBuildPhase section */

/* Begin PBXGroup section */
		190A082B1F1FD2AF0036CD7C /* Assets */ = {
			isa = PBXGroup;
			children = (
				1998C9F51F49BBE5009F7630 /* Images */,
				193F0ACD1EF57AFC00A03F94 /* BalloutScene.sks */,
				190A082C1F1FD30B0036CD7C /* BlockBoom.sks */,
				190A08321F1FDD020036CD7C /* BallHome.sks */,
				190A08361F1FF8440036CD7C /* ExtraPickedUp.sks */,
			);
			path = Assets;
			sourceTree = "<group>";
		};
		193F0A8B1EF5741700A03F94 = {
			isa = PBXGroup;
			children = (
				193F0A961EF5741700A03F94 /* Ballout */,
				193F0AB11EF5741700A03F94 /* BalloutTests */,
				193F0ABC1EF5741700A03F94 /* BalloutUITests */,
				193F0A951EF5741700A03F94 /* Products */,
				19945CAA1F10ECDF00F82C80 /* Frameworks */,
				2C91C25601E4A2410362C1A6 /* Pods */,
			);
			sourceTree = "<group>";
		};
		193F0A951EF5741700A03F94 /* Products */ = {
			isa = PBXGroup;
			children = (
				193F0A941EF5741700A03F94 /* Ballout.app */,
				193F0AAE1EF5741700A03F94 /* BalloutTests.xctest */,
				193F0AB91EF5741700A03F94 /* BalloutUITests.xctest */,
			);
			name = Products;
			sourceTree = "<group>";
		};
		193F0A961EF5741700A03F94 /* Ballout */ = {
			isa = PBXGroup;
			children = (
				190A082D1F1FD30B0036CD7C /* Assets.xcassets */,
				190A082B1F1FD2AF0036CD7C /* Assets */,
				19F6B8CB1F11080100551810 /* Sound Assets */,
				193F0AD11EF57F6600A03F94 /* Game */,
				193F0A971EF5741700A03F94 /* AppDelegate.swift */,
				193F0A9B1EF5741700A03F94 /* Actions.sks */,
				193F0A9F1EF5741700A03F94 /* GameViewController.swift */,
				193F0AA11EF5741700A03F94 /* Main.storyboard */,
				193F0AA61EF5741700A03F94 /* LaunchScreen.storyboard */,
				193F0AA91EF5741700A03F94 /* Info.plist */,
			);
			path = Ballout;
			sourceTree = "<group>";
		};
		193F0AB11EF5741700A03F94 /* BalloutTests */ = {
			isa = PBXGroup;
			children = (
				193F0AB21EF5741700A03F94 /* BalloutTests.swift */,
				193F0AB41EF5741700A03F94 /* Info.plist */,
			);
			path = BalloutTests;
			sourceTree = "<group>";
		};
		193F0ABC1EF5741700A03F94 /* BalloutUITests */ = {
			isa = PBXGroup;
			children = (
				193F0ABD1EF5741700A03F94 /* BalloutUITests.swift */,
				193F0ABF1EF5741700A03F94 /* Info.plist */,
			);
			path = BalloutUITests;
			sourceTree = "<group>";
		};
		193F0AD11EF57F6600A03F94 /* Game */ = {
			isa = PBXGroup;
			children = (
				19775F531F113C730091FE44 /* Protocols */,
				194796E41F0F7FFE0042F3E7 /* Extensions */,
				193F0ADA1EF59D3700A03F94 /* Doodads */,
				193F0AD51EF5810D00A03F94 /* Scenes */,
				193F0AD21EF57F7200A03F94 /* GameState */,
				19F6B8C91F10F87100551810 /* GameCenterController.swift */,
				19775F4F1F111C710091FE44 /* SFXController.swift */,
				197603DF1F1E4806000D4ED3 /* BestScoreController.swift */,
				191B15621F2FC9A600243846 /* HapticFeedback.swift */,
			);
			name = Game;
			sourceTree = "<group>";
		};
		193F0AD21EF57F7200A03F94 /* GameState */ = {
			isa = PBXGroup;
			children = (
				193F0AD31EF57F8800A03F94 /* GameState.swift */,
				193F0AD61EF5826400A03F94 /* ShootoutState.swift */,
				193F0ADD1EF5A99F00A03F94 /* DestroyState.swift */,
				197F48E11EF68B0800A469F4 /* GameScore.swift */,
				197F48E31EF69A6B00A469F4 /* GameOverState.swift */,
				197F48E51EF6B75B00A469F4 /* SpawnState.swift */,
				197603E11F1E5BDF000D4ED3 /* AdState.swift */,
			);
			name = GameState;
			sourceTree = "<group>";
		};
		193F0AD51EF5810D00A03F94 /* Scenes */ = {
			isa = PBXGroup;
			children = (
				193F0ACF1EF57BA900A03F94 /* BalloutScene.swift */,
				194796E71F0F815A0042F3E7 /* TouchHandler.swift */,
			);
			name = Scenes;
			sourceTree = "<group>";
		};
		193F0ADA1EF59D3700A03F94 /* Doodads */ = {
			isa = PBXGroup;
			children = (
				19BA1C8C1F01A18000EA4976 /* HUD */,
				197F48DD1EF6877600A469F4 /* Spawnable */,
				193F0AD81EF5952100A03F94 /* Ball.swift */,
				193F0ADB1EF59D5000A03F94 /* AimTrajectory.swift */,
				193F0AE11EF5D1B400A03F94 /* GridController.swift */,
				193F0AE31EF5EF9500A03F94 /* PhysicsFlags.swift */,
				197F48E71EF6CC5B00A469F4 /* Updatable.swift */,
				19F4E1141F37AC7D003F1665 /* OMBLabel.swift */,
				1910FB1D1F38DF190089A4D9 /* EventDispatch.swift */,
			);
			name = Doodads;
			sourceTree = "<group>";
		};
		194796E41F0F7FFE0042F3E7 /* Extensions */ = {
			isa = PBXGroup;
			children = (
				194796E51F0F800C0042F3E7 /* UIColor_rgb.swift */,
				190A08341F1FDDE90036CD7C /* SKEmitterNode_fireAndForget.swift */,
			);
			name = Extensions;
			sourceTree = "<group>";
		};
		19775F531F113C730091FE44 /* Protocols */ = {
			isa = PBXGroup;
			children = (
				19775F541F113C840091FE44 /* Serializable.swift */,
			);
			name = Protocols;
			sourceTree = "<group>";
		};
		197F48DD1EF6877600A469F4 /* Spawnable */ = {
			isa = PBXGroup;
			children = (
				193F0ADF1EF5CF9500A03F94 /* Block.swift */,
				197F48DB1EF686F800A469F4 /* ExtraBall.swift */,
				197F48DF1EF6878A00A469F4 /* Spawnable.swift */,
				1973BF1D1F0187A600BE0406 /* WarningLevel.swift */,
				19775F561F1142A10091FE44 /* SpawnType.swift */,
			);
			name = Spawnable;
			sourceTree = "<group>";
		};
		19945CAA1F10ECDF00F82C80 /* Frameworks */ = {
			isa = PBXGroup;
			children = (
				19945CAB1F10ECDF00F82C80 /* GameKit.framework */,
				7C20D4D26013FF07010B859E /* Pods_Ballout.framework */,
				5C59B70653DBAA5D8FE83C7D /* Pods_BalloutTests.framework */,
				A75DBE3C2C422EE1BE2E3178 /* Pods_BalloutUITests.framework */,
			);
			name = Frameworks;
			sourceTree = "<group>";
		};
		1998C9F51F49BBE5009F7630 /* Images */ = {
			isa = PBXGroup;
			children = (
				1998C9F61F49BC40009F7630 /* default.png */,
			);
			name = Images;
			sourceTree = "<group>";
		};
		19BA1C8C1F01A18000EA4976 /* HUD */ = {
			isa = PBXGroup;
			children = (
				19BA1C8A1F01A14F00EA4976 /* Button.swift */,
				19BA1C8D1F01A19300EA4976 /* SpeedButton.swift */,
				194796E91F0FC1D40042F3E7 /* GameOverViewNode.swift */,
			);
			name = HUD;
			sourceTree = "<group>";
		};
		19F6B8CB1F11080100551810 /* Sound Assets */ = {
			isa = PBXGroup;
			children = (
				19775F511F1125220091FE44 /* pop1.wav */,
				19F6B8D01F1117A500551810 /* pop2.wav */,
				19F6B8D21F1117A900551810 /* pop3.mp3 */,
			);
			name = "Sound Assets";
			sourceTree = "<group>";
		};
		2C91C25601E4A2410362C1A6 /* Pods */ = {
			isa = PBXGroup;
			children = (
				56E69965D8C81099D4733E78 /* Pods-Ballout.debug.xcconfig */,
				ECA218A017D96EDD5B7CD1F0 /* Pods-Ballout.release.xcconfig */,
				812FADA668FA685AE91A2826 /* Pods-BalloutTests.debug.xcconfig */,
				A7DCF0B8F983F2208CA849CB /* Pods-BalloutTests.release.xcconfig */,
				43EFA6B9D8583291CC7471EE /* Pods-BalloutUITests.debug.xcconfig */,
				DC50AE70CFA34F25180D2A15 /* Pods-BalloutUITests.release.xcconfig */,
			);
			name = Pods;
			sourceTree = "<group>";
		};
/* End PBXGroup section */

/* Begin PBXNativeTarget section */
		193F0A931EF5741700A03F94 /* Ballout */ = {
			isa = PBXNativeTarget;
			buildConfigurationList = 193F0AC21EF5741700A03F94 /* Build configuration list for PBXNativeTarget "Ballout" */;
			buildPhases = (
				E7B6BBA09A5B605EEEEF0346 /* [CP] Check Pods Manifest.lock */,
				193F0A901EF5741700A03F94 /* Sources */,
				193F0A911EF5741700A03F94 /* Frameworks */,
				193F0A921EF5741700A03F94 /* Resources */,
				191A1EEF1F1E72BF00DD0FC8 /* Embed Frameworks */,
				FE88B59ABA1F920AF5D3C69F /* [CP] Embed Pods Frameworks */,
				E0CA550F55FD161F81E0D310 /* [CP] Copy Pods Resources */,
			);
			buildRules = (
			);
			dependencies = (
			);
			name = Ballout;
			productName = Ballout;
			productReference = 193F0A941EF5741700A03F94 /* Ballout.app */;
			productType = "com.apple.product-type.application";
		};
		193F0AAD1EF5741700A03F94 /* BalloutTests */ = {
			isa = PBXNativeTarget;
			buildConfigurationList = 193F0AC51EF5741700A03F94 /* Build configuration list for PBXNativeTarget "BalloutTests" */;
			buildPhases = (
				6A50C9DD846FDA1E6471CECB /* [CP] Check Pods Manifest.lock */,
				193F0AAA1EF5741700A03F94 /* Sources */,
				193F0AAB1EF5741700A03F94 /* Frameworks */,
				193F0AAC1EF5741700A03F94 /* Resources */,
				8977DE06FE7CCB032AA47EB3 /* [CP] Embed Pods Frameworks */,
				E25D0049C5328C30BDD80703 /* [CP] Copy Pods Resources */,
			);
			buildRules = (
			);
			dependencies = (
				193F0AB01EF5741700A03F94 /* PBXTargetDependency */,
			);
			name = BalloutTests;
			productName = BalloutTests;
			productReference = 193F0AAE1EF5741700A03F94 /* BalloutTests.xctest */;
			productType = "com.apple.product-type.bundle.unit-test";
		};
		193F0AB81EF5741700A03F94 /* BalloutUITests */ = {
			isa = PBXNativeTarget;
			buildConfigurationList = 193F0AC81EF5741700A03F94 /* Build configuration list for PBXNativeTarget "BalloutUITests" */;
			buildPhases = (
				020D5383BDFA59F633266E60 /* [CP] Check Pods Manifest.lock */,
				193F0AB51EF5741700A03F94 /* Sources */,
				193F0AB61EF5741700A03F94 /* Frameworks */,
				193F0AB71EF5741700A03F94 /* Resources */,
				AF8FD6BFD34C883BB8F79DBD /* [CP] Embed Pods Frameworks */,
				4BCF49BCEE0C6F7B2A07E060 /* [CP] Copy Pods Resources */,
			);
			buildRules = (
			);
			dependencies = (
				193F0ABB1EF5741700A03F94 /* PBXTargetDependency */,
			);
			name = BalloutUITests;
			productName = BalloutUITests;
			productReference = 193F0AB91EF5741700A03F94 /* BalloutUITests.xctest */;
			productType = "com.apple.product-type.bundle.ui-testing";
		};
/* End PBXNativeTarget section */

/* Begin PBXProject section */
		193F0A8C1EF5741700A03F94 /* Project object */ = {
			isa = PBXProject;
			attributes = {
				LastSwiftUpdateCheck = 0830;
				LastUpgradeCheck = 0900;
				ORGANIZATIONNAME = "Joakim Stien";
				TargetAttributes = {
					193F0A931EF5741700A03F94 = {
						CreatedOnToolsVersion = 8.3.3;
						DevelopmentTeam = WSQ25TFDK3;
						LastSwiftMigration = 0900;
						ProvisioningStyle = Automatic;
						SystemCapabilities = {
							com.apple.GameCenter = {
								enabled = 1;
							};
						};
					};
					193F0AAD1EF5741700A03F94 = {
						CreatedOnToolsVersion = 8.3.3;
						LastSwiftMigration = 0900;
						ProvisioningStyle = Automatic;
						TestTargetID = 193F0A931EF5741700A03F94;
					};
					193F0AB81EF5741700A03F94 = {
						CreatedOnToolsVersion = 8.3.3;
						LastSwiftMigration = 0900;
						ProvisioningStyle = Automatic;
						TestTargetID = 193F0A931EF5741700A03F94;
					};
				};
			};
			buildConfigurationList = 193F0A8F1EF5741700A03F94 /* Build configuration list for PBXProject "Ballout" */;
			compatibilityVersion = "Xcode 3.2";
			developmentRegion = English;
			hasScannedForEncodings = 0;
			knownRegions = (
				en,
				Base,
			);
			mainGroup = 193F0A8B1EF5741700A03F94;
			productRefGroup = 193F0A951EF5741700A03F94 /* Products */;
			projectDirPath = "";
			projectRoot = "";
			targets = (
				193F0A931EF5741700A03F94 /* Ballout */,
				193F0AAD1EF5741700A03F94 /* BalloutTests */,
				193F0AB81EF5741700A03F94 /* BalloutUITests */,
			);
		};
/* End PBXProject section */

/* Begin PBXResourcesBuildPhase section */
		193F0A921EF5741700A03F94 /* Resources */ = {
			isa = PBXResourcesBuildPhase;
			buildActionMask = 2147483647;
			files = (
				19775F521F1125220091FE44 /* pop1.wav in Resources */,
				193F0AA31EF5741700A03F94 /* Main.storyboard in Resources */,
				19F6B8D31F1117A900551810 /* pop3.mp3 in Resources */,
				190A08331F1FDD020036CD7C /* BallHome.sks in Resources */,
				193F0AA81EF5741700A03F94 /* LaunchScreen.storyboard in Resources */,
				1998C9F71F49BC40009F7630 /* default.png in Resources */,
				190A082F1F1FD30B0036CD7C /* Assets.xcassets in Resources */,
				193F0ACE1EF57AFC00A03F94 /* BalloutScene.sks in Resources */,
				190A08371F1FF8440036CD7C /* ExtraPickedUp.sks in Resources */,
				193F0A9C1EF5741700A03F94 /* Actions.sks in Resources */,
				190A082E1F1FD30B0036CD7C /* BlockBoom.sks in Resources */,
				19F6B8D11F1117A500551810 /* pop2.wav in Resources */,
			);
			runOnlyForDeploymentPostprocessing = 0;
		};
		193F0AAC1EF5741700A03F94 /* Resources */ = {
			isa = PBXResourcesBuildPhase;
			buildActionMask = 2147483647;
			files = (
			);
			runOnlyForDeploymentPostprocessing = 0;
		};
		193F0AB71EF5741700A03F94 /* Resources */ = {
			isa = PBXResourcesBuildPhase;
			buildActionMask = 2147483647;
			files = (
			);
			runOnlyForDeploymentPostprocessing = 0;
		};
/* End PBXResourcesBuildPhase section */

/* Begin PBXShellScriptBuildPhase section */
		020D5383BDFA59F633266E60 /* [CP] Check Pods Manifest.lock */ = {
			isa = PBXShellScriptBuildPhase;
			buildActionMask = 2147483647;
			files = (
			);
			inputPaths = (
			);
			name = "[CP] Check Pods Manifest.lock";
			outputPaths = (
			);
			runOnlyForDeploymentPostprocessing = 0;
			shellPath = /bin/sh;
			shellScript = "diff \"${PODS_PODFILE_DIR_PATH}/Podfile.lock\" \"${PODS_ROOT}/Manifest.lock\" > /dev/null\nif [ $? != 0 ] ; then\n    # print error to STDERR\n    echo \"error: The sandbox is not in sync with the Podfile.lock. Run 'pod install' or update your CocoaPods installation.\" >&2\n    exit 1\nfi\n";
			showEnvVarsInLog = 0;
		};
		4BCF49BCEE0C6F7B2A07E060 /* [CP] Copy Pods Resources */ = {
			isa = PBXShellScriptBuildPhase;
			buildActionMask = 2147483647;
			files = (
			);
			inputPaths = (
			);
			name = "[CP] Copy Pods Resources";
			outputPaths = (
			);
			runOnlyForDeploymentPostprocessing = 0;
			shellPath = /bin/sh;
			shellScript = "\"${SRCROOT}/Pods/Target Support Files/Pods-BalloutUITests/Pods-BalloutUITests-resources.sh\"\n";
			showEnvVarsInLog = 0;
		};
		6A50C9DD846FDA1E6471CECB /* [CP] Check Pods Manifest.lock */ = {
			isa = PBXShellScriptBuildPhase;
			buildActionMask = 2147483647;
			files = (
			);
			inputPaths = (
			);
			name = "[CP] Check Pods Manifest.lock";
			outputPaths = (
			);
			runOnlyForDeploymentPostprocessing = 0;
			shellPath = /bin/sh;
			shellScript = "diff \"${PODS_PODFILE_DIR_PATH}/Podfile.lock\" \"${PODS_ROOT}/Manifest.lock\" > /dev/null\nif [ $? != 0 ] ; then\n    # print error to STDERR\n    echo \"error: The sandbox is not in sync with the Podfile.lock. Run 'pod install' or update your CocoaPods installation.\" >&2\n    exit 1\nfi\n";
			showEnvVarsInLog = 0;
		};
		8977DE06FE7CCB032AA47EB3 /* [CP] Embed Pods Frameworks */ = {
			isa = PBXShellScriptBuildPhase;
			buildActionMask = 2147483647;
			files = (
			);
			inputPaths = (
			);
			name = "[CP] Embed Pods Frameworks";
			outputPaths = (
			);
			runOnlyForDeploymentPostprocessing = 0;
			shellPath = /bin/sh;
			shellScript = "\"${SRCROOT}/Pods/Target Support Files/Pods-BalloutTests/Pods-BalloutTests-frameworks.sh\"\n";
			showEnvVarsInLog = 0;
		};
		AF8FD6BFD34C883BB8F79DBD /* [CP] Embed Pods Frameworks */ = {
			isa = PBXShellScriptBuildPhase;
			buildActionMask = 2147483647;
			files = (
			);
			inputPaths = (
			);
			name = "[CP] Embed Pods Frameworks";
			outputPaths = (
			);
			runOnlyForDeploymentPostprocessing = 0;
			shellPath = /bin/sh;
			shellScript = "\"${SRCROOT}/Pods/Target Support Files/Pods-BalloutUITests/Pods-BalloutUITests-frameworks.sh\"\n";
			showEnvVarsInLog = 0;
		};
		E0CA550F55FD161F81E0D310 /* [CP] Copy Pods Resources */ = {
			isa = PBXShellScriptBuildPhase;
			buildActionMask = 2147483647;
			files = (
			);
			inputPaths = (
			);
			name = "[CP] Copy Pods Resources";
			outputPaths = (
			);
			runOnlyForDeploymentPostprocessing = 0;
			shellPath = /bin/sh;
			shellScript = "\"${SRCROOT}/Pods/Target Support Files/Pods-Ballout/Pods-Ballout-resources.sh\"\n";
			showEnvVarsInLog = 0;
		};
		E25D0049C5328C30BDD80703 /* [CP] Copy Pods Resources */ = {
			isa = PBXShellScriptBuildPhase;
			buildActionMask = 2147483647;
			files = (
			);
			inputPaths = (
			);
			name = "[CP] Copy Pods Resources";
			outputPaths = (
			);
			runOnlyForDeploymentPostprocessing = 0;
			shellPath = /bin/sh;
			shellScript = "\"${SRCROOT}/Pods/Target Support Files/Pods-BalloutTests/Pods-BalloutTests-resources.sh\"\n";
			showEnvVarsInLog = 0;
		};
		E7B6BBA09A5B605EEEEF0346 /* [CP] Check Pods Manifest.lock */ = {
			isa = PBXShellScriptBuildPhase;
			buildActionMask = 2147483647;
			files = (
			);
			inputPaths = (
			);
			name = "[CP] Check Pods Manifest.lock";
			outputPaths = (
			);
			runOnlyForDeploymentPostprocessing = 0;
			shellPath = /bin/sh;
			shellScript = "diff \"${PODS_PODFILE_DIR_PATH}/Podfile.lock\" \"${PODS_ROOT}/Manifest.lock\" > /dev/null\nif [ $? != 0 ] ; then\n    # print error to STDERR\n    echo \"error: The sandbox is not in sync with the Podfile.lock. Run 'pod install' or update your CocoaPods installation.\" >&2\n    exit 1\nfi\n";
			showEnvVarsInLog = 0;
		};
		FE88B59ABA1F920AF5D3C69F /* [CP] Embed Pods Frameworks */ = {
			isa = PBXShellScriptBuildPhase;
			buildActionMask = 2147483647;
			files = (
			);
			inputPaths = (
			);
			name = "[CP] Embed Pods Frameworks";
			outputPaths = (
			);
			runOnlyForDeploymentPostprocessing = 0;
			shellPath = /bin/sh;
			shellScript = "\"${SRCROOT}/Pods/Target Support Files/Pods-Ballout/Pods-Ballout-frameworks.sh\"\n";
			showEnvVarsInLog = 0;
		};
/* End PBXShellScriptBuildPhase section */

/* Begin PBXSourcesBuildPhase section */
		193F0A901EF5741700A03F94 /* Sources */ = {
			isa = PBXSourcesBuildPhase;
			buildActionMask = 2147483647;
			files = (
				193F0AD71EF5826400A03F94 /* ShootoutState.swift in Sources */,
				194796E81F0F815A0042F3E7 /* TouchHandler.swift in Sources */,
				194796E61F0F800C0042F3E7 /* UIColor_rgb.swift in Sources */,
				193F0AE41EF5EF9500A03F94 /* PhysicsFlags.swift in Sources */,
				19F6B8CA1F10F87100551810 /* GameCenterController.swift in Sources */,
				193F0AE21EF5D1B400A03F94 /* GridController.swift in Sources */,
				193F0AD41EF57F8800A03F94 /* GameState.swift in Sources */,
				19F4E1151F37AC7D003F1665 /* OMBLabel.swift in Sources */,
				191B15631F2FC9A600243846 /* HapticFeedback.swift in Sources */,
				1973BF1E1F0187A600BE0406 /* WarningLevel.swift in Sources */,
				19BA1C8B1F01A14F00EA4976 /* Button.swift in Sources */,
				197F48E41EF69A6B00A469F4 /* GameOverState.swift in Sources */,
				193F0AA01EF5741700A03F94 /* GameViewController.swift in Sources */,
				197603E21F1E5BDF000D4ED3 /* AdState.swift in Sources */,
				197F48E61EF6B75B00A469F4 /* SpawnState.swift in Sources */,
				193F0ADC1EF59D5000A03F94 /* AimTrajectory.swift in Sources */,
				193F0AD01EF57BA900A03F94 /* BalloutScene.swift in Sources */,
				193F0ADE1EF5A99F00A03F94 /* DestroyState.swift in Sources */,
				19775F571F1142A10091FE44 /* SpawnType.swift in Sources */,
				1910FB1E1F38DF190089A4D9 /* EventDispatch.swift in Sources */,
				197F48E01EF6878A00A469F4 /* Spawnable.swift in Sources */,
				19775F501F111C710091FE44 /* SFXController.swift in Sources */,
				197603E01F1E4806000D4ED3 /* BestScoreController.swift in Sources */,
				194796EA1F0FC1D40042F3E7 /* GameOverViewNode.swift in Sources */,
				197F48E81EF6CC5B00A469F4 /* Updatable.swift in Sources */,
				193F0AE01EF5CF9500A03F94 /* Block.swift in Sources */,
				190A08351F1FDDE90036CD7C /* SKEmitterNode_fireAndForget.swift in Sources */,
				19775F551F113C840091FE44 /* Serializable.swift in Sources */,
				197F48E21EF68B0800A469F4 /* GameScore.swift in Sources */,
				193F0AD91EF5952100A03F94 /* Ball.swift in Sources */,
				19BA1C8E1F01A19300EA4976 /* SpeedButton.swift in Sources */,
				197F48DC1EF686F800A469F4 /* ExtraBall.swift in Sources */,
				193F0A981EF5741700A03F94 /* AppDelegate.swift in Sources */,
			);
			runOnlyForDeploymentPostprocessing = 0;
		};
		193F0AAA1EF5741700A03F94 /* Sources */ = {
			isa = PBXSourcesBuildPhase;
			buildActionMask = 2147483647;
			files = (
				193F0AB31EF5741700A03F94 /* BalloutTests.swift in Sources */,
			);
			runOnlyForDeploymentPostprocessing = 0;
		};
		193F0AB51EF5741700A03F94 /* Sources */ = {
			isa = PBXSourcesBuildPhase;
			buildActionMask = 2147483647;
			files = (
				193F0ABE1EF5741700A03F94 /* BalloutUITests.swift in Sources */,
			);
			runOnlyForDeploymentPostprocessing = 0;
		};
/* End PBXSourcesBuildPhase section */

/* Begin PBXTargetDependency section */
		193F0AB01EF5741700A03F94 /* PBXTargetDependency */ = {
			isa = PBXTargetDependency;
			target = 193F0A931EF5741700A03F94 /* Ballout */;
			targetProxy = 193F0AAF1EF5741700A03F94 /* PBXContainerItemProxy */;
		};
		193F0ABB1EF5741700A03F94 /* PBXTargetDependency */ = {
			isa = PBXTargetDependency;
			target = 193F0A931EF5741700A03F94 /* Ballout */;
			targetProxy = 193F0ABA1EF5741700A03F94 /* PBXContainerItemProxy */;
		};
/* End PBXTargetDependency section */

/* Begin PBXVariantGroup section */
		193F0AA11EF5741700A03F94 /* Main.storyboard */ = {
			isa = PBXVariantGroup;
			children = (
				193F0AA21EF5741700A03F94 /* Base */,
			);
			name = Main.storyboard;
			sourceTree = "<group>";
		};
		193F0AA61EF5741700A03F94 /* LaunchScreen.storyboard */ = {
			isa = PBXVariantGroup;
			children = (
				193F0AA71EF5741700A03F94 /* Base */,
			);
			name = LaunchScreen.storyboard;
			sourceTree = "<group>";
		};
/* End PBXVariantGroup section */

/* Begin XCBuildConfiguration section */
		193F0AC01EF5741700A03F94 /* Debug */ = {
			isa = XCBuildConfiguration;
			buildSettings = {
				ALWAYS_SEARCH_USER_PATHS = NO;
				CLANG_ANALYZER_NONNULL = YES;
				CLANG_ANALYZER_NUMBER_OBJECT_CONVERSION = YES_AGGRESSIVE;
				CLANG_CXX_LANGUAGE_STANDARD = "gnu++0x";
				CLANG_CXX_LIBRARY = "libc++";
				CLANG_ENABLE_MODULES = YES;
				CLANG_ENABLE_OBJC_ARC = YES;
				CLANG_WARN_BLOCK_CAPTURE_AUTORELEASING = YES;
				CLANG_WARN_BOOL_CONVERSION = YES;
				CLANG_WARN_COMMA = YES;
				CLANG_WARN_CONSTANT_CONVERSION = YES;
				CLANG_WARN_DIRECT_OBJC_ISA_USAGE = YES_ERROR;
				CLANG_WARN_DOCUMENTATION_COMMENTS = YES;
				CLANG_WARN_EMPTY_BODY = YES;
				CLANG_WARN_ENUM_CONVERSION = YES;
				CLANG_WARN_INFINITE_RECURSION = YES;
				CLANG_WARN_INT_CONVERSION = YES;
				CLANG_WARN_NON_LITERAL_NULL_CONVERSION = YES;
				CLANG_WARN_OBJC_LITERAL_CONVERSION = YES;
				CLANG_WARN_OBJC_ROOT_CLASS = YES_ERROR;
				CLANG_WARN_RANGE_LOOP_ANALYSIS = YES;
				CLANG_WARN_STRICT_PROTOTYPES = YES;
				CLANG_WARN_SUSPICIOUS_MOVE = YES;
				CLANG_WARN_UNREACHABLE_CODE = YES;
				CLANG_WARN__DUPLICATE_METHOD_MATCH = YES;
				"CODE_SIGN_IDENTITY[sdk=iphoneos*]" = "iPhone Developer";
				COPY_PHASE_STRIP = NO;
				DEBUG_INFORMATION_FORMAT = dwarf;
				ENABLE_STRICT_OBJC_MSGSEND = YES;
				ENABLE_TESTABILITY = YES;
				GCC_C_LANGUAGE_STANDARD = gnu99;
				GCC_DYNAMIC_NO_PIC = NO;
				GCC_NO_COMMON_BLOCKS = YES;
				GCC_OPTIMIZATION_LEVEL = 0;
				GCC_PREPROCESSOR_DEFINITIONS = (
					"DEBUG=1",
					"$(inherited)",
				);
				GCC_WARN_64_TO_32_BIT_CONVERSION = YES;
				GCC_WARN_ABOUT_RETURN_TYPE = YES_ERROR;
				GCC_WARN_UNDECLARED_SELECTOR = YES;
				GCC_WARN_UNINITIALIZED_AUTOS = YES_AGGRESSIVE;
				GCC_WARN_UNUSED_FUNCTION = YES;
				GCC_WARN_UNUSED_VARIABLE = YES;
				IPHONEOS_DEPLOYMENT_TARGET = 10.3;
				MTL_ENABLE_DEBUG_INFO = YES;
				ONLY_ACTIVE_ARCH = YES;
				SDKROOT = iphoneos;
				SWIFT_ACTIVE_COMPILATION_CONDITIONS = DEBUG;
				SWIFT_OPTIMIZATION_LEVEL = "-Onone";
				TARGETED_DEVICE_FAMILY = "1,2";
			};
			name = Debug;
		};
		193F0AC11EF5741700A03F94 /* Release */ = {
			isa = XCBuildConfiguration;
			buildSettings = {
				ALWAYS_SEARCH_USER_PATHS = NO;
				CLANG_ANALYZER_NONNULL = YES;
				CLANG_ANALYZER_NUMBER_OBJECT_CONVERSION = YES_AGGRESSIVE;
				CLANG_CXX_LANGUAGE_STANDARD = "gnu++0x";
				CLANG_CXX_LIBRARY = "libc++";
				CLANG_ENABLE_MODULES = YES;
				CLANG_ENABLE_OBJC_ARC = YES;
				CLANG_WARN_BLOCK_CAPTURE_AUTORELEASING = YES;
				CLANG_WARN_BOOL_CONVERSION = YES;
				CLANG_WARN_COMMA = YES;
				CLANG_WARN_CONSTANT_CONVERSION = YES;
				CLANG_WARN_DIRECT_OBJC_ISA_USAGE = YES_ERROR;
				CLANG_WARN_DOCUMENTATION_COMMENTS = YES;
				CLANG_WARN_EMPTY_BODY = YES;
				CLANG_WARN_ENUM_CONVERSION = YES;
				CLANG_WARN_INFINITE_RECURSION = YES;
				CLANG_WARN_INT_CONVERSION = YES;
				CLANG_WARN_NON_LITERAL_NULL_CONVERSION = YES;
				CLANG_WARN_OBJC_LITERAL_CONVERSION = YES;
				CLANG_WARN_OBJC_ROOT_CLASS = YES_ERROR;
				CLANG_WARN_RANGE_LOOP_ANALYSIS = YES;
				CLANG_WARN_STRICT_PROTOTYPES = YES;
				CLANG_WARN_SUSPICIOUS_MOVE = YES;
				CLANG_WARN_UNREACHABLE_CODE = YES;
				CLANG_WARN__DUPLICATE_METHOD_MATCH = YES;
				"CODE_SIGN_IDENTITY[sdk=iphoneos*]" = "iPhone Developer";
				COPY_PHASE_STRIP = NO;
				DEBUG_INFORMATION_FORMAT = "dwarf-with-dsym";
				ENABLE_NS_ASSERTIONS = NO;
				ENABLE_STRICT_OBJC_MSGSEND = YES;
				GCC_C_LANGUAGE_STANDARD = gnu99;
				GCC_NO_COMMON_BLOCKS = YES;
				GCC_WARN_64_TO_32_BIT_CONVERSION = YES;
				GCC_WARN_ABOUT_RETURN_TYPE = YES_ERROR;
				GCC_WARN_UNDECLARED_SELECTOR = YES;
				GCC_WARN_UNINITIALIZED_AUTOS = YES_AGGRESSIVE;
				GCC_WARN_UNUSED_FUNCTION = YES;
				GCC_WARN_UNUSED_VARIABLE = YES;
				IPHONEOS_DEPLOYMENT_TARGET = 10.3;
				MTL_ENABLE_DEBUG_INFO = NO;
				SDKROOT = iphoneos;
				SWIFT_OPTIMIZATION_LEVEL = "-Owholemodule";
				TARGETED_DEVICE_FAMILY = "1,2";
				VALIDATE_PRODUCT = YES;
			};
			name = Release;
		};
		193F0AC31EF5741700A03F94 /* Debug */ = {
			isa = XCBuildConfiguration;
			baseConfigurationReference = 56E69965D8C81099D4733E78 /* Pods-Ballout.debug.xcconfig */;
			buildSettings = {
				ASSETCATALOG_COMPILER_APPICON_NAME = AppIcon;
				DEVELOPMENT_TEAM = WSQ25TFDK3;
				INFOPLIST_FILE = Ballout/Info.plist;
				IPHONEOS_DEPLOYMENT_TARGET = 10.0;
				LD_RUNPATH_SEARCH_PATHS = "$(inherited) @executable_path/Frameworks";
				PRODUCT_BUNDLE_IDENTIFIER = com.jstien.Ballout;
				PRODUCT_NAME = "$(TARGET_NAME)";
				SWIFT_SWIFT3_OBJC_INFERENCE = On;
				SWIFT_VERSION = 3.0;
				TARGETED_DEVICE_FAMILY = "1,2";
			};
			name = Debug;
		};
		193F0AC41EF5741700A03F94 /* Release */ = {
			isa = XCBuildConfiguration;
			baseConfigurationReference = ECA218A017D96EDD5B7CD1F0 /* Pods-Ballout.release.xcconfig */;
			buildSettings = {
				ASSETCATALOG_COMPILER_APPICON_NAME = AppIcon;
				DEVELOPMENT_TEAM = WSQ25TFDK3;
				INFOPLIST_FILE = Ballout/Info.plist;
				IPHONEOS_DEPLOYMENT_TARGET = 10.0;
				LD_RUNPATH_SEARCH_PATHS = "$(inherited) @executable_path/Frameworks";
				PRODUCT_BUNDLE_IDENTIFIER = com.jstien.Ballout;
				PRODUCT_NAME = "$(TARGET_NAME)";
				SWIFT_SWIFT3_OBJC_INFERENCE = On;
				SWIFT_VERSION = 3.0;
				TARGETED_DEVICE_FAMILY = "1,2";
			};
			name = Release;
		};
		193F0AC61EF5741700A03F94 /* Debug */ = {
			isa = XCBuildConfiguration;
			baseConfigurationReference = 812FADA668FA685AE91A2826 /* Pods-BalloutTests.debug.xcconfig */;
			buildSettings = {
				ALWAYS_EMBED_SWIFT_STANDARD_LIBRARIES = YES;
				BUNDLE_LOADER = "$(TEST_HOST)";
				INFOPLIST_FILE = BalloutTests/Info.plist;
				LD_RUNPATH_SEARCH_PATHS = "$(inherited) @executable_path/Frameworks @loader_path/Frameworks";
				PRODUCT_BUNDLE_IDENTIFIER = com.jstien.BalloutTests;
				PRODUCT_NAME = "$(TARGET_NAME)";
				SWIFT_SWIFT3_OBJC_INFERENCE = On;
				SWIFT_VERSION = 3.0;
				TEST_HOST = "$(BUILT_PRODUCTS_DIR)/Ballout.app/Ballout";
			};
			name = Debug;
		};
		193F0AC71EF5741700A03F94 /* Release */ = {
			isa = XCBuildConfiguration;
			baseConfigurationReference = A7DCF0B8F983F2208CA849CB /* Pods-BalloutTests.release.xcconfig */;
			buildSettings = {
				ALWAYS_EMBED_SWIFT_STANDARD_LIBRARIES = YES;
				BUNDLE_LOADER = "$(TEST_HOST)";
				INFOPLIST_FILE = BalloutTests/Info.plist;
				LD_RUNPATH_SEARCH_PATHS = "$(inherited) @executable_path/Frameworks @loader_path/Frameworks";
				PRODUCT_BUNDLE_IDENTIFIER = com.jstien.BalloutTests;
				PRODUCT_NAME = "$(TARGET_NAME)";
				SWIFT_SWIFT3_OBJC_INFERENCE = On;
				SWIFT_VERSION = 3.0;
				TEST_HOST = "$(BUILT_PRODUCTS_DIR)/Ballout.app/Ballout";
			};
			name = Release;
		};
		193F0AC91EF5741700A03F94 /* Debug */ = {
			isa = XCBuildConfiguration;
			baseConfigurationReference = 43EFA6B9D8583291CC7471EE /* Pods-BalloutUITests.debug.xcconfig */;
			buildSettings = {
				ALWAYS_EMBED_SWIFT_STANDARD_LIBRARIES = YES;
				INFOPLIST_FILE = BalloutUITests/Info.plist;
				LD_RUNPATH_SEARCH_PATHS = "$(inherited) @executable_path/Frameworks @loader_path/Frameworks";
				PRODUCT_BUNDLE_IDENTIFIER = com.jstien.BalloutUITests;
				PRODUCT_NAME = "$(TARGET_NAME)";
				SWIFT_SWIFT3_OBJC_INFERENCE = On;
				SWIFT_VERSION = 3.0;
				TEST_TARGET_NAME = Ballout;
			};
			name = Debug;
		};
		193F0ACA1EF5741700A03F94 /* Release */ = {
			isa = XCBuildConfiguration;
			baseConfigurationReference = DC50AE70CFA34F25180D2A15 /* Pods-BalloutUITests.release.xcconfig */;
			buildSettings = {
				ALWAYS_EMBED_SWIFT_STANDARD_LIBRARIES = YES;
				INFOPLIST_FILE = BalloutUITests/Info.plist;
				LD_RUNPATH_SEARCH_PATHS = "$(inherited) @executable_path/Frameworks @loader_path/Frameworks";
				PRODUCT_BUNDLE_IDENTIFIER = com.jstien.BalloutUITests;
				PRODUCT_NAME = "$(TARGET_NAME)";
				SWIFT_SWIFT3_OBJC_INFERENCE = On;
				SWIFT_VERSION = 3.0;
				TEST_TARGET_NAME = Ballout;
			};
			name = Release;
		};
/* End XCBuildConfiguration section */

/* Begin XCConfigurationList section */
		193F0A8F1EF5741700A03F94 /* Build configuration list for PBXProject "Ballout" */ = {
			isa = XCConfigurationList;
			buildConfigurations = (
				193F0AC01EF5741700A03F94 /* Debug */,
				193F0AC11EF5741700A03F94 /* Release */,
			);
			defaultConfigurationIsVisible = 0;
			defaultConfigurationName = Release;
		};
		193F0AC21EF5741700A03F94 /* Build configuration list for PBXNativeTarget "Ballout" */ = {
			isa = XCConfigurationList;
			buildConfigurations = (
				193F0AC31EF5741700A03F94 /* Debug */,
				193F0AC41EF5741700A03F94 /* Release */,
			);
			defaultConfigurationIsVisible = 0;
			defaultConfigurationName = Release;
		};
		193F0AC51EF5741700A03F94 /* Build configuration list for PBXNativeTarget "BalloutTests" */ = {
			isa = XCConfigurationList;
			buildConfigurations = (
				193F0AC61EF5741700A03F94 /* Debug */,
				193F0AC71EF5741700A03F94 /* Release */,
			);
			defaultConfigurationIsVisible = 0;
			defaultConfigurationName = Release;
		};
		193F0AC81EF5741700A03F94 /* Build configuration list for PBXNativeTarget "BalloutUITests" */ = {
			isa = XCConfigurationList;
			buildConfigurations = (
				193F0AC91EF5741700A03F94 /* Debug */,
				193F0ACA1EF5741700A03F94 /* Release */,
			);
			defaultConfigurationIsVisible = 0;
			defaultConfigurationName = Release;
		};
/* End XCConfigurationList section */
	};
	rootObject = 193F0A8C1EF5741700A03F94 /* Project object */;
}
